
Microsoft Visual Studio Solution File, Format Version 12.00
# Visual Studio Version 16
VisualStudioVersion = 16.0.32407.337
MinimumVisualStudioVersion = 10.0.40219.1
Project("{FAE04EC0-301F-11D3-BF4B-00C04F79EFBC}") = "CurseForgeModpackBuilder", "CurseForgeModpackBuilder\CurseForgeModpackBuilder.csproj", "{086273A8-60DB-4638-8D0D-6C9213B3607E}"
EndProject
Global
	GlobalSection(SolutionConfigurationPlatforms) = preSolution
		Debug|Any CPU = Debug|Any CPU
		Release|Any CPU = Release|Any CPU
	EndGlobalSection
	GlobalSection(ProjectConfigurationPlatforms) = postSolution
		{086273A8-60DB-4638-8D0D-6C9213B3607E}.Debug|Any CPU.ActiveCfg = Debug|Any CPU
		{086273A8-60DB-4638-8D0D-6C9213B3607E}.Debug|Any CPU.Build.0 = Debug|Any CPU
		{086273A8-60DB-4638-8D0D-6C9213B3607E}.Release|Any CPU.ActiveCfg = Release|Any CPU
		{086273A8-60DB-4638-8D0D-6C9213B3607E}.Release|Any CPU.Build.0 = Release|Any CPU
	EndGlobalSection
	GlobalSection(SolutionProperties) = preSolution
		HideSolutionNode = FALSE
	EndGlobalSection
	GlobalSection(ExtensibilityGlobals) = postSolution
		SolutionGuid = {0E83FED3-9655-43B9-ABA7-332DEF7E47BC}
	EndGlobalSection
EndGlobal
